
Microsoft Visual Studio Solution File, Format Version 12.00
# Visual Studio Version 17
VisualStudioVersion = 17.1.32228.430
MinimumVisualStudioVersion = 10.0.40219.1
Project("{FAE04EC0-301F-11D3-BF4B-00C04F79EFBC}") = "uaquaChat", "uaquaChat\uaquaChat.csproj", "{A1E88025-11DE-478E-B8B4-52BBE4218577}"
EndProject
Project("{FAE04EC0-301F-11D3-BF4B-00C04F79EFBC}") = "Host", "Host\Host.csproj", "{71398860-082D-46D1-9AC5-272C39E2E6E0}"
EndProject
Project("{FAE04EC0-301F-11D3-BF4B-00C04F79EFBC}") = "ChatClient", "ChatClient\ChatClient.csproj", "{300CD0F8-404C-40A2-B0C3-2442ADF95C7E}"
EndProject
Global
	GlobalSection(SolutionConfigurationPlatforms) = preSolution
		Debug|Any CPU = Debug|Any CPU
		Release|Any CPU = Release|Any CPU
	EndGlobalSection
	GlobalSection(ProjectConfigurationPlatforms) = postSolution
		{A1E88025-11DE-478E-B8B4-52BBE4218577}.Debug|Any CPU.ActiveCfg = Debug|Any CPU
		{A1E88025-11DE-478E-B8B4-52BBE4218577}.Debug|Any CPU.Build.0 = Debug|Any CPU
		{A1E88025-11DE-478E-B8B4-52BBE4218577}.Release|Any CPU.ActiveCfg = Release|Any CPU
		{A1E88025-11DE-478E-B8B4-52BBE4218577}.Release|Any CPU.Build.0 = Release|Any CPU
		{71398860-082D-46D1-9AC5-272C39E2E6E0}.Debug|Any CPU.ActiveCfg = Debug|Any CPU
		{71398860-082D-46D1-9AC5-272C39E2E6E0}.Debug|Any CPU.Build.0 = Debug|Any CPU
		{71398860-082D-46D1-9AC5-272C39E2E6E0}.Release|Any CPU.ActiveCfg = Release|Any CPU
		{71398860-082D-46D1-9AC5-272C39E2E6E0}.Release|Any CPU.Build.0 = Release|Any CPU
		{300CD0F8-404C-40A2-B0C3-2442ADF95C7E}.Debug|Any CPU.ActiveCfg = Debug|Any CPU
		{300CD0F8-404C-40A2-B0C3-2442ADF95C7E}.Debug|Any CPU.Build.0 = Debug|Any CPU
		{300CD0F8-404C-40A2-B0C3-2442ADF95C7E}.Release|Any CPU.ActiveCfg = Release|Any CPU
		{300CD0F8-404C-40A2-B0C3-2442ADF95C7E}.Release|Any CPU.Build.0 = Release|Any CPU
	EndGlobalSection
	GlobalSection(SolutionProperties) = preSolution
		HideSolutionNode = FALSE
	EndGlobalSection
	GlobalSection(ExtensibilityGlobals) = postSolution
		SolutionGuid = {D2F95A00-62BC-4B87-A84A-5DADAB4E81F0}
	EndGlobalSection
EndGlobal
